# THIS IS AN AUTOGENERATED FILE. DO NOT EDIT THIS FILE DIRECTLY.
# yarn lockfile v1


"@angular/common@^2.4.1":
  version "2.4.1"
  resolved "https://registry.yarnpkg.com/@angular/common/-/common-2.4.1.tgz#a70167430574959c3423ac96ebdec98032d3500d"

"@angular/compiler-cli@^2.4.1":
  version "2.4.1"
  resolved "https://registry.yarnpkg.com/@angular/compiler-cli/-/compiler-cli-2.4.1.tgz#9291504197a199fee2f48353d67431a1a9e40833"
  dependencies:
    "@angular/tsc-wrapped" "0.5.0"
    minimist "^1.2.0"
    reflect-metadata "^0.1.2"

"@angular/compiler@^2.4.1":
  version "2.4.1"
  resolved "https://registry.yarnpkg.com/@angular/compiler/-/compiler-2.4.1.tgz#62b4fbfc53c934bd5def78db594cbf245b3f446a"

"@angular/core@^2.4.1":
  version "2.4.1"
  resolved "https://registry.yarnpkg.com/@angular/core/-/core-2.4.1.tgz#3a6d2dc7fd86fdebe4febae7eb28abad7d04c76a"

"@angular/platform-browser-dynamic@^2.4.1":
  version "2.4.1"
  resolved "https://registry.yarnpkg.com/@angular/platform-browser-dynamic/-/platform-browser-dynamic-2.4.1.tgz#5fb72038f76c1e3646cea95f5b4722d67a4419dd"

"@angular/platform-browser@^2.4.1":
  version "2.4.1"
  resolved "https://registry.yarnpkg.com/@angular/platform-browser/-/platform-browser-2.4.1.tgz#4eaa829b450be34f0029796b6c3b99e27d3d5740"

"@angular/platform-server@^2.4.1":
  version "2.4.1"
  resolved "https://registry.yarnpkg.com/@angular/platform-server/-/platform-server-2.4.1.tgz#9e5e427b8226d1a073949effea00a4df352682de"
  dependencies:
    parse5 "^2.2.1"

"@angular/tsc-wrapped@0.5.0":
  version "0.5.0"
  resolved "https://registry.yarnpkg.com/@angular/tsc-wrapped/-/tsc-wrapped-0.5.0.tgz#e50f81af02c6817dcaba22032e49ba8060d628b4"
  dependencies:
    tsickle "^0.2"

"@types/core-js@^0.9.35":
  version "0.9.35"
  resolved "https://registry.yarnpkg.com/@types/core-js/-/core-js-0.9.35.tgz#444064e63711cdcc62ea844d27642f6efc2285f2"

"@types/node@^6.0.52":
  version "6.0.52"
  resolved "https://registry.yarnpkg.com/@types/node/-/node-6.0.52.tgz#1ac3a99b42320f9e463482f25af4c2359473aaa6"

minimist@0.0.8:
  version "0.0.8"
  resolved "https://registry.yarnpkg.com/minimist/-/minimist-0.0.8.tgz#857fcabfc3397d2625b8228262e86aa7a011b05d"

minimist@^1.2.0:
  version "1.2.0"
  resolved "https://registry.yarnpkg.com/minimist/-/minimist-1.2.0.tgz#a35008b20f41383eec1fb914f4cd5df79a264284"

mkdirp@^0.5.1:
  version "0.5.1"
  resolved "https://registry.yarnpkg.com/mkdirp/-/mkdirp-0.5.1.tgz#30057438eac6cf7f8c4767f38648d6697d75c903"
  dependencies:
    minimist "0.0.8"

parse5@^2.2.1:
  version "2.2.3"
  resolved "https://registry.yarnpkg.com/parse5/-/parse5-2.2.3.tgz#0c4fc41c1000c5e6b93d48b03f8083837834e9f6"

reflect-metadata@^0.1.2, reflect-metadata@^0.1.9:
  version "0.1.9"
  resolved "https://registry.yarnpkg.com/reflect-metadata/-/reflect-metadata-0.1.9.tgz#987238dc87a516895fe457f130435ffbd763a4d4"

rxjs@5.0.1:
  version "5.0.1"
  resolved "https://registry.yarnpkg.com/rxjs/-/rxjs-5.0.1.tgz#3a69bdf9f0ca0a986303370d4708f72bdfac8356"
  dependencies:
    symbol-observable "^1.0.1"

source-map-support@^0.4.2:
  version "0.4.7"
  resolved "https://registry.yarnpkg.com/source-map-support/-/source-map-support-0.4.7.tgz#7a7988e0e66241c778c78dd179199bb6bcd35bd6"
  dependencies:
    source-map "^0.5.3"

source-map@^0.5.3, source-map@^0.5.6:
  version "0.5.6"
  resolved "https://registry.yarnpkg.com/source-map/-/source-map-0.5.6.tgz#75ce38f52bf0733c5a7f0c118d81334a2bb5f412"

symbol-observable@^1.0.1:
  version "1.0.4"
  resolved "https://registry.yarnpkg.com/symbol-observable/-/symbol-observable-1.0.4.tgz#29bf615d4aa7121bdd898b22d4b3f9bc4e2aa03d"

tsickle@^0.2:
  version "0.2.3"
  resolved "https://registry.yarnpkg.com/tsickle/-/tsickle-0.2.3.tgz#3e7d3ff74bbecdadc011cfd747f991dcfd6503af"
  dependencies:
    minimist "^1.2.0"
    mkdirp "^0.5.1"
    source-map "^0.5.6"
    source-map-support "^0.4.2"

typescript@2.0.10:
  version "2.0.10"
  resolved "https://registry.yarnpkg.com/typescript/-/typescript-2.0.10.tgz#ccdd4ed86fd5550a407101a0814012e1b3fac3dd"

zone.js@^0.7.4:
  version "0.7.4"
  resolved "https://registry.yarnpkg.com/zone.js/-/zone.js-0.7.4.tgz#0e624fe5b724450ee433495deff15c02b3908ee0"
